// !$*UTF8*$!
{
	archiveVersion = 1;
	classes = {
	};
	objectVersion = 56;
	objects = {

/* Begin PBXBuildFile section */
		FA0CDF042B7E30990010F73B /* CustomDatePicker.swift in Sources */ = {isa = PBXBuildFile; fileRef = FA0CDF032B7E30990010F73B /* CustomDatePicker.swift */; };
		FA0CDF062B7E7B850010F73B /* PostsView.swift in Sources */ = {isa = PBXBuildFile; fileRef = FA0CDF052B7E7B850010F73B /* PostsView.swift */; };
		FA0CDF082B7E7B960010F73B /* PostsViewModel.swift in Sources */ = {isa = PBXBuildFile; fileRef = FA0CDF072B7E7B960010F73B /* PostsViewModel.swift */; };
		FA0CDF0A2B7E7BB10010F73B /* PostsCellView.swift in Sources */ = {isa = PBXBuildFile; fileRef = FA0CDF092B7E7BB10010F73B /* PostsCellView.swift */; };
		FA0CDF0C2B7E7BBE0010F73B /* AddPostView.swift in Sources */ = {isa = PBXBuildFile; fileRef = FA0CDF0B2B7E7BBE0010F73B /* AddPostView.swift */; };
		FA0CDF0E2B7E7BCB0010F73B /* PostDetailView.swift in Sources */ = {isa = PBXBuildFile; fileRef = FA0CDF0D2B7E7BCB0010F73B /* PostDetailView.swift */; };
		FA0CDF112B7E7C080010F73B /* Post.swift in Sources */ = {isa = PBXBuildFile; fileRef = FA0CDF102B7E7C080010F73B /* Post.swift */; };
		FA0CDF132B7E8A870010F73B /* SettingsView.swift in Sources */ = {isa = PBXBuildFile; fileRef = FA0CDF122B7E8A870010F73B /* SettingsView.swift */; };
		FA0CDF152B7E8B350010F73B /* SettingsButtonView.swift in Sources */ = {isa = PBXBuildFile; fileRef = FA0CDF142B7E8B350010F73B /* SettingsButtonView.swift */; };
		FA0CDF172B7E963D0010F73B /* SettingsViewModel.swift in Sources */ = {isa = PBXBuildFile; fileRef = FA0CDF162B7E963D0010F73B /* SettingsViewModel.swift */; };
		FA0CDF192B7E9C370010F73B /* ShareSheetView.swift in Sources */ = {isa = PBXBuildFile; fileRef = FA0CDF182B7E9C370010F73B /* ShareSheetView.swift */; };
		FA41E6FA2B7BD204008B7008 /* Budget.swift in Sources */ = {isa = PBXBuildFile; fileRef = FA41E6F92B7BD204008B7008 /* Budget.swift */; };
		FA41E6FC2B7BD5BE008B7008 /* BudgetViewModel.swift in Sources */ = {isa = PBXBuildFile; fileRef = FA41E6FB2B7BD5BE008B7008 /* BudgetViewModel.swift */; };
		FA41E6FE2B7BD940008B7008 /* BudgetView.swift in Sources */ = {isa = PBXBuildFile; fileRef = FA41E6FD2B7BD940008B7008 /* BudgetView.swift */; };
		FA41E7002B7BF17D008B7008 /* BudgetCellView.swift in Sources */ = {isa = PBXBuildFile; fileRef = FA41E6FF2B7BF17D008B7008 /* BudgetCellView.swift */; };
		FA4C95702B7CFAAC00A554C2 /* AddBudgetView.swift in Sources */ = {isa = PBXBuildFile; fileRef = FA4C956F2B7CFAAC00A554C2 /* AddBudgetView.swift */; };
		FA4CB1062B7A475A00D84DF4 /* Font+Ext.swift in Sources */ = {isa = PBXBuildFile; fileRef = FA4CB1052B7A475A00D84DF4 /* Font+Ext.swift */; };
		FA4CB1092B7A4CDB00D84DF4 /* CustomTextEditor.swift in Sources */ = {isa = PBXBuildFile; fileRef = FA4CB1082B7A4CDB00D84DF4 /* CustomTextEditor.swift */; };
		FA4CB10B2B7A5B6600D84DF4 /* EventsView.swift in Sources */ = {isa = PBXBuildFile; fileRef = FA4CB10A2B7A5B6600D84DF4 /* EventsView.swift */; };
		FA4CB10D2B7A5B8000D84DF4 /* EventsCellView.swift in Sources */ = {isa = PBXBuildFile; fileRef = FA4CB10C2B7A5B8000D84DF4 /* EventsCellView.swift */; };
		FA4CB1102B7A5BA000D84DF4 /* EventsViewModel.swift in Sources */ = {isa = PBXBuildFile; fileRef = FA4CB10F2B7A5BA000D84DF4 /* EventsViewModel.swift */; };
		FA4CB1122B7A5F3000D84DF4 /* Event.swift in Sources */ = {isa = PBXBuildFile; fileRef = FA4CB1112B7A5F3000D84DF4 /* Event.swift */; };
		FA4CB1142B7A6E5600D84DF4 /* Date+Ext.swift in Sources */ = {isa = PBXBuildFile; fileRef = FA4CB1132B7A6E5600D84DF4 /* Date+Ext.swift */; };
		FA4CB1162B7AA8BE00D84DF4 /* AddEventView.swift in Sources */ = {isa = PBXBuildFile; fileRef = FA4CB1152B7AA8BE00D84DF4 /* AddEventView.swift */; };
		FA4CB1182B7ABA3F00D84DF4 /* EventDetailView.swift in Sources */ = {isa = PBXBuildFile; fileRef = FA4CB1172B7ABA3F00D84DF4 /* EventDetailView.swift */; };
		FA6E7B6E2B768DA0000AE811 /* Article.swift in Sources */ = {isa = PBXBuildFile; fileRef = FA6E7B6D2B768DA0000AE811 /* Article.swift */; };
		FA6E7B702B7690F6000AE811 /* ArticlesViewModel.swift in Sources */ = {isa = PBXBuildFile; fileRef = FA6E7B6F2B7690F6000AE811 /* ArticlesViewModel.swift */; };
		FA6E7B722B769106000AE811 /* ArticlesView.swift in Sources */ = {isa = PBXBuildFile; fileRef = FA6E7B712B769106000AE811 /* ArticlesView.swift */; };
		FA6E7B742B769300000AE811 /* StorageManager.swift in Sources */ = {isa = PBXBuildFile; fileRef = FA6E7B732B769300000AE811 /* StorageManager.swift */; };
		FA6E7B762B76A709000AE811 /* ToolbarButtonView.swift in Sources */ = {isa = PBXBuildFile; fileRef = FA6E7B752B76A709000AE811 /* ToolbarButtonView.swift */; };
		FA6E7B782B76A8EC000AE811 /* EmptyView.swift in Sources */ = {isa = PBXBuildFile; fileRef = FA6E7B772B76A8EC000AE811 /* EmptyView.swift */; };
		FA6E7B7A2B76AA1A000AE811 /* ArticleCellView.swift in Sources */ = {isa = PBXBuildFile; fileRef = FA6E7B792B76AA1A000AE811 /* ArticleCellView.swift */; };
		FA6E7B7C2B76B17E000AE811 /* CategoryButtonView.swift in Sources */ = {isa = PBXBuildFile; fileRef = FA6E7B7B2B76B17E000AE811 /* CategoryButtonView.swift */; };
		FA6E7B7E2B76B40F000AE811 /* CategoryButtonsScrollView.swift in Sources */ = {isa = PBXBuildFile; fileRef = FA6E7B7D2B76B40F000AE811 /* CategoryButtonsScrollView.swift */; };
		FA6E7B802B76BF10000AE811 /* AddArticleView.swift in Sources */ = {isa = PBXBuildFile; fileRef = FA6E7B7F2B76BF10000AE811 /* AddArticleView.swift */; };
		FA6E7B822B76D5A0000AE811 /* BackButtonView.swift in Sources */ = {isa = PBXBuildFile; fileRef = FA6E7B812B76D5A0000AE811 /* BackButtonView.swift */; };
		FAC487272B75067600943BDB /* BoardAppsTestApp.swift in Sources */ = {isa = PBXBuildFile; fileRef = FAC487262B75067600943BDB /* BoardAppsTestApp.swift */; };
		FAC487292B75067600943BDB /* ContentView.swift in Sources */ = {isa = PBXBuildFile; fileRef = FAC487282B75067600943BDB /* ContentView.swift */; };
		FAC4872B2B75067800943BDB /* Assets.xcassets in Resources */ = {isa = PBXBuildFile; fileRef = FAC4872A2B75067800943BDB /* Assets.xcassets */; };
		FAC4872E2B75067800943BDB /* Preview Assets.xcassets in Resources */ = {isa = PBXBuildFile; fileRef = FAC4872D2B75067800943BDB /* Preview Assets.xcassets */; };
		FAC487432B7555FA00943BDB /* OnboardingView.swift in Sources */ = {isa = PBXBuildFile; fileRef = FAC487422B7555FA00943BDB /* OnboardingView.swift */; };
		FAC487452B75566800943BDB /* Onboarding.swift in Sources */ = {isa = PBXBuildFile; fileRef = FAC487442B75566800943BDB /* Onboarding.swift */; };
		FAC487472B75592600943BDB /* OnboardingViewModel.swift in Sources */ = {isa = PBXBuildFile; fileRef = FAC487462B75592600943BDB /* OnboardingViewModel.swift */; };
		FAC4874B2B75728C00943BDB /* ActionButtonView.swift in Sources */ = {isa = PBXBuildFile; fileRef = FAC4874A2B75728C00943BDB /* ActionButtonView.swift */; };
		FAE703A42B76DADA00D55822 /* CustomTextField.swift in Sources */ = {isa = PBXBuildFile; fileRef = FAE703A32B76DADA00D55822 /* CustomTextField.swift */; };
		FAE703A62B76DEE500D55822 /* CustomPicker.swift in Sources */ = {isa = PBXBuildFile; fileRef = FAE703A52B76DEE500D55822 /* CustomPicker.swift */; };
		FAF4C7BA2B7821A200A4C5F8 /* ArticleDetailView.swift in Sources */ = {isa = PBXBuildFile; fileRef = FAF4C7B92B7821A200A4C5F8 /* ArticleDetailView.swift */; };
/* End PBXBuildFile section */

/* Begin PBXFileReference section */
		FA0CDF032B7E30990010F73B /* CustomDatePicker.swift */ = {isa = PBXFileReference; lastKnownFileType = sourcecode.swift; path = CustomDatePicker.swift; sourceTree = "<group>"; };
		FA0CDF052B7E7B850010F73B /* PostsView.swift */ = {isa = PBXFileReference; lastKnownFileType = sourcecode.swift; path = PostsView.swift; sourceTree = "<group>"; };
		FA0CDF072B7E7B960010F73B /* PostsViewModel.swift */ = {isa = PBXFileReference; lastKnownFileType = sourcecode.swift; path = PostsViewModel.swift; sourceTree = "<group>"; };
		FA0CDF092B7E7BB10010F73B /* PostsCellView.swift */ = {isa = PBXFileReference; lastKnownFileType = sourcecode.swift; path = PostsCellView.swift; sourceTree = "<group>"; };
		FA0CDF0B2B7E7BBE0010F73B /* AddPostView.swift */ = {isa = PBXFileReference; lastKnownFileType = sourcecode.swift; path = AddPostView.swift; sourceTree = "<group>"; };
		FA0CDF0D2B7E7BCB0010F73B /* PostDetailView.swift */ = {isa = PBXFileReference; lastKnownFileType = sourcecode.swift; path = PostDetailView.swift; sourceTree = "<group>"; };
		FA0CDF102B7E7C080010F73B /* Post.swift */ = {isa = PBXFileReference; lastKnownFileType = sourcecode.swift; path = Post.swift; sourceTree = "<group>"; };
		FA0CDF122B7E8A870010F73B /* SettingsView.swift */ = {isa = PBXFileReference; lastKnownFileType = sourcecode.swift; path = SettingsView.swift; sourceTree = "<group>"; };
		FA0CDF142B7E8B350010F73B /* SettingsButtonView.swift */ = {isa = PBXFileReference; lastKnownFileType = sourcecode.swift; path = SettingsButtonView.swift; sourceTree = "<group>"; };
		FA0CDF162B7E963D0010F73B /* SettingsViewModel.swift */ = {isa = PBXFileReference; lastKnownFileType = sourcecode.swift; path = SettingsViewModel.swift; sourceTree = "<group>"; };
		FA0CDF182B7E9C370010F73B /* ShareSheetView.swift */ = {isa = PBXFileReference; lastKnownFileType = sourcecode.swift; path = ShareSheetView.swift; sourceTree = "<group>"; };
		FA41E6F92B7BD204008B7008 /* Budget.swift */ = {isa = PBXFileReference; lastKnownFileType = sourcecode.swift; path = Budget.swift; sourceTree = "<group>"; };
		FA41E6FB2B7BD5BE008B7008 /* BudgetViewModel.swift */ = {isa = PBXFileReference; lastKnownFileType = sourcecode.swift; path = BudgetViewModel.swift; sourceTree = "<group>"; };
		FA41E6FD2B7BD940008B7008 /* BudgetView.swift */ = {isa = PBXFileReference; lastKnownFileType = sourcecode.swift; path = BudgetView.swift; sourceTree = "<group>"; };
		FA41E6FF2B7BF17D008B7008 /* BudgetCellView.swift */ = {isa = PBXFileReference; lastKnownFileType = sourcecode.swift; path = BudgetCellView.swift; sourceTree = "<group>"; };
		FA4C956F2B7CFAAC00A554C2 /* AddBudgetView.swift */ = {isa = PBXFileReference; lastKnownFileType = sourcecode.swift; path = AddBudgetView.swift; sourceTree = "<group>"; };
		FA4CB1052B7A475A00D84DF4 /* Font+Ext.swift */ = {isa = PBXFileReference; lastKnownFileType = sourcecode.swift; path = "Font+Ext.swift"; sourceTree = "<group>"; };
		FA4CB1082B7A4CDB00D84DF4 /* CustomTextEditor.swift */ = {isa = PBXFileReference; lastKnownFileType = sourcecode.swift; path = CustomTextEditor.swift; sourceTree = "<group>"; };
		FA4CB10A2B7A5B6600D84DF4 /* EventsView.swift */ = {isa = PBXFileReference; lastKnownFileType = sourcecode.swift; path = EventsView.swift; sourceTree = "<group>"; };
		FA4CB10C2B7A5B8000D84DF4 /* EventsCellView.swift */ = {isa = PBXFileReference; lastKnownFileType = sourcecode.swift; path = EventsCellView.swift; sourceTree = "<group>"; };
		FA4CB10F2B7A5BA000D84DF4 /* EventsViewModel.swift */ = {isa = PBXFileReference; lastKnownFileType = sourcecode.swift; path = EventsViewModel.swift; sourceTree = "<group>"; };
		FA4CB1112B7A5F3000D84DF4 /* Event.swift */ = {isa = PBXFileReference; lastKnownFileType = sourcecode.swift; path = Event.swift; sourceTree = "<group>"; };
		FA4CB1132B7A6E5600D84DF4 /* Date+Ext.swift */ = {isa = PBXFileReference; lastKnownFileType = sourcecode.swift; path = "Date+Ext.swift"; sourceTree = "<group>"; };
		FA4CB1152B7AA8BE00D84DF4 /* AddEventView.swift */ = {isa = PBXFileReference; lastKnownFileType = sourcecode.swift; path = AddEventView.swift; sourceTree = "<group>"; };
		FA4CB1172B7ABA3F00D84DF4 /* EventDetailView.swift */ = {isa = PBXFileReference; lastKnownFileType = sourcecode.swift; path = EventDetailView.swift; sourceTree = "<group>"; };
		FA6E7B6D2B768DA0000AE811 /* Article.swift */ = {isa = PBXFileReference; lastKnownFileType = sourcecode.swift; path = Article.swift; sourceTree = "<group>"; };
		FA6E7B6F2B7690F6000AE811 /* ArticlesViewModel.swift */ = {isa = PBXFileReference; lastKnownFileType = sourcecode.swift; path = ArticlesViewModel.swift; sourceTree = "<group>"; };
		FA6E7B712B769106000AE811 /* ArticlesView.swift */ = {isa = PBXFileReference; lastKnownFileType = sourcecode.swift; path = ArticlesView.swift; sourceTree = "<group>"; };
		FA6E7B732B769300000AE811 /* StorageManager.swift */ = {isa = PBXFileReference; lastKnownFileType = sourcecode.swift; path = StorageManager.swift; sourceTree = "<group>"; };
		FA6E7B752B76A709000AE811 /* ToolbarButtonView.swift */ = {isa = PBXFileReference; lastKnownFileType = sourcecode.swift; path = ToolbarButtonView.swift; sourceTree = "<group>"; };
		FA6E7B772B76A8EC000AE811 /* EmptyView.swift */ = {isa = PBXFileReference; lastKnownFileType = sourcecode.swift; path = EmptyView.swift; sourceTree = "<group>"; };
		FA6E7B792B76AA1A000AE811 /* ArticleCellView.swift */ = {isa = PBXFileReference; lastKnownFileType = sourcecode.swift; path = ArticleCellView.swift; sourceTree = "<group>"; };
		FA6E7B7B2B76B17E000AE811 /* CategoryButtonView.swift */ = {isa = PBXFileReference; lastKnownFileType = sourcecode.swift; path = CategoryButtonView.swift; sourceTree = "<group>"; };
		FA6E7B7D2B76B40F000AE811 /* CategoryButtonsScrollView.swift */ = {isa = PBXFileReference; lastKnownFileType = sourcecode.swift; path = CategoryButtonsScrollView.swift; sourceTree = "<group>"; };
		FA6E7B7F2B76BF10000AE811 /* AddArticleView.swift */ = {isa = PBXFileReference; lastKnownFileType = sourcecode.swift; path = AddArticleView.swift; sourceTree = "<group>"; };
		FA6E7B812B76D5A0000AE811 /* BackButtonView.swift */ = {isa = PBXFileReference; lastKnownFileType = sourcecode.swift; path = BackButtonView.swift; sourceTree = "<group>"; };
		FAC487232B75067600943BDB /* BoardAppsTest.app */ = {isa = PBXFileReference; explicitFileType = wrapper.application; includeInIndex = 0; path = BoardAppsTest.app; sourceTree = BUILT_PRODUCTS_DIR; };
		FAC487262B75067600943BDB /* BoardAppsTestApp.swift */ = {isa = PBXFileReference; lastKnownFileType = sourcecode.swift; path = BoardAppsTestApp.swift; sourceTree = "<group>"; };
		FAC487282B75067600943BDB /* ContentView.swift */ = {isa = PBXFileReference; lastKnownFileType = sourcecode.swift; path = ContentView.swift; sourceTree = "<group>"; };
		FAC4872A2B75067800943BDB /* Assets.xcassets */ = {isa = PBXFileReference; lastKnownFileType = folder.assetcatalog; path = Assets.xcassets; sourceTree = "<group>"; };
		FAC4872D2B75067800943BDB /* Preview Assets.xcassets */ = {isa = PBXFileReference; lastKnownFileType = folder.assetcatalog; path = "Preview Assets.xcassets"; sourceTree = "<group>"; };
		FAC487422B7555FA00943BDB /* OnboardingView.swift */ = {isa = PBXFileReference; lastKnownFileType = sourcecode.swift; path = OnboardingView.swift; sourceTree = "<group>"; };
		FAC487442B75566800943BDB /* Onboarding.swift */ = {isa = PBXFileReference; lastKnownFileType = sourcecode.swift; path = Onboarding.swift; sourceTree = "<group>"; };
		FAC487462B75592600943BDB /* OnboardingViewModel.swift */ = {isa = PBXFileReference; lastKnownFileType = sourcecode.swift; path = OnboardingViewModel.swift; sourceTree = "<group>"; };
		FAC4874A2B75728C00943BDB /* ActionButtonView.swift */ = {isa = PBXFileReference; lastKnownFileType = sourcecode.swift; path = ActionButtonView.swift; sourceTree = "<group>"; };
		FAE703A32B76DADA00D55822 /* CustomTextField.swift */ = {isa = PBXFileReference; lastKnownFileType = sourcecode.swift; path = CustomTextField.swift; sourceTree = "<group>"; };
		FAE703A52B76DEE500D55822 /* CustomPicker.swift */ = {isa = PBXFileReference; lastKnownFileType = sourcecode.swift; path = CustomPicker.swift; sourceTree = "<group>"; };
		FAF4C7B92B7821A200A4C5F8 /* ArticleDetailView.swift */ = {isa = PBXFileReference; lastKnownFileType = sourcecode.swift; path = ArticleDetailView.swift; sourceTree = "<group>"; };
/* End PBXFileReference section */

/* Begin PBXFrameworksBuildPhase section */
		FAC487202B75067600943BDB /* Frameworks */ = {
			isa = PBXFrameworksBuildPhase;
			buildActionMask = 2147483647;
			files = (
			);
			runOnlyForDeploymentPostprocessing = 0;
		};
/* End PBXFrameworksBuildPhase section */

/* Begin PBXGroup section */
		FA0CDF0F2B7E7BCF0010F73B /* Cells */ = {
			isa = PBXGroup;
			children = (
				FA0CDF092B7E7BB10010F73B /* PostsCellView.swift */,
			);
			path = Cells;
			sourceTree = "<group>";
		};
		FA41E7012B7BF181008B7008 /* Cells */ = {
			isa = PBXGroup;
			children = (
				FA41E6FF2B7BF17D008B7008 /* BudgetCellView.swift */,
			);
			path = Cells;
			sourceTree = "<group>";
		};
		FA4CB1072B7A4A8200D84DF4 /* Cells */ = {
			isa = PBXGroup;
			children = (
				FA6E7B792B76AA1A000AE811 /* ArticleCellView.swift */,
			);
			path = Cells;
			sourceTree = "<group>";
		};
		FA4CB10E2B7A5B8400D84DF4 /* Cells */ = {
			isa = PBXGroup;
			children = (
				FA4CB10C2B7A5B8000D84DF4 /* EventsCellView.swift */,
			);
			path = Cells;
			sourceTree = "<group>";
		};
		FAC4871A2B75067600943BDB = {
			isa = PBXGroup;
			children = (
				FAC487252B75067600943BDB /* BoardAppsTest */,
				FAC487242B75067600943BDB /* Products */,
			);
			sourceTree = "<group>";
		};
		FAC487242B75067600943BDB /* Products */ = {
			isa = PBXGroup;
			children = (
				FAC487232B75067600943BDB /* BoardAppsTest.app */,
			);
			name = Products;
			sourceTree = "<group>";
		};
		FAC487252B75067600943BDB /* BoardAppsTest */ = {
			isa = PBXGroup;
			children = (
				FAC487342B75097E00943BDB /* Application */,
				FAC487352B7509AD00943BDB /* Screens */,
				FAC4873E2B750AD900943BDB /* Components */,
				FAC4873F2B750AE900943BDB /* Services */,
				FAC487402B750AF400943BDB /* Models */,
				FAC487412B750B0D00943BDB /* Extensions */,
				FAC487372B7509D300943BDB /* Resources */,
				FAC4872C2B75067800943BDB /* Preview Content */,
			);
			path = BoardAppsTest;
			sourceTree = "<group>";
		};
		FAC4872C2B75067800943BDB /* Preview Content */ = {
			isa = PBXGroup;
			children = (
				FAC4872D2B75067800943BDB /* Preview Assets.xcassets */,
			);
			path = "Preview Content";
			sourceTree = "<group>";
		};
		FAC487342B75097E00943BDB /* Application */ = {
			isa = PBXGroup;
			children = (
				FAC487262B75067600943BDB /* BoardAppsTestApp.swift */,
			);
			path = Application;
			sourceTree = "<group>";
		};
		FAC487352B7509AD00943BDB /* Screens */ = {
			isa = PBXGroup;
			children = (
				FAC487382B7509F600943BDB /* Onboarding */,
				FAC487362B7509BB00943BDB /* Content */,
				FAC487392B750A3600943BDB /* Articles */,
				FAC4873A2B750A4900943BDB /* Events */,
				FAC4873B2B750A5D00943BDB /* Budget */,
				FAC4873C2B750A7000943BDB /* Posts */,
				FAC4873D2B750A8900943BDB /* Settings */,
			);
			path = Screens;
			sourceTree = "<group>";
		};
		FAC487362B7509BB00943BDB /* Content */ = {
			isa = PBXGroup;
			children = (
				FAC487282B75067600943BDB /* ContentView.swift */,
			);
			path = Content;
			sourceTree = "<group>";
		};
		FAC487372B7509D300943BDB /* Resources */ = {
			isa = PBXGroup;
			children = (
				FAC4872A2B75067800943BDB /* Assets.xcassets */,
			);
			path = Resources;
			sourceTree = "<group>";
		};
		FAC487382B7509F600943BDB /* Onboarding */ = {
			isa = PBXGroup;
			children = (
				FAC487442B75566800943BDB /* Onboarding.swift */,
				FAC487422B7555FA00943BDB /* OnboardingView.swift */,
				FAC487462B75592600943BDB /* OnboardingViewModel.swift */,
			);
			path = Onboarding;
			sourceTree = "<group>";
		};
		FAC487392B750A3600943BDB /* Articles */ = {
			isa = PBXGroup;
			children = (
				FA6E7B6F2B7690F6000AE811 /* ArticlesViewModel.swift */,
				FA6E7B712B769106000AE811 /* ArticlesView.swift */,
				FA6E7B7F2B76BF10000AE811 /* AddArticleView.swift */,
				FAF4C7B92B7821A200A4C5F8 /* ArticleDetailView.swift */,
				FA4CB1072B7A4A8200D84DF4 /* Cells */,
			);
			path = Articles;
			sourceTree = "<group>";
		};
		FAC4873A2B750A4900943BDB /* Events */ = {
			isa = PBXGroup;
			children = (
				FA4CB10F2B7A5BA000D84DF4 /* EventsViewModel.swift */,
				FA4CB10A2B7A5B6600D84DF4 /* EventsView.swift */,
				FA4CB1172B7ABA3F00D84DF4 /* EventDetailView.swift */,
				FA4CB1152B7AA8BE00D84DF4 /* AddEventView.swift */,
				FA4CB10E2B7A5B8400D84DF4 /* Cells */,
			);
			path = Events;
			sourceTree = "<group>";
		};
		FAC4873B2B750A5D00943BDB /* Budget */ = {
			isa = PBXGroup;
			children = (
				FA41E6FB2B7BD5BE008B7008 /* BudgetViewModel.swift */,
				FA41E6FD2B7BD940008B7008 /* BudgetView.swift */,
				FA4C956F2B7CFAAC00A554C2 /* AddBudgetView.swift */,
				FA41E7012B7BF181008B7008 /* Cells */,
			);
			path = Budget;
			sourceTree = "<group>";
		};
		FAC4873C2B750A7000943BDB /* Posts */ = {
			isa = PBXGroup;
			children = (
				FA0CDF072B7E7B960010F73B /* PostsViewModel.swift */,
				FA0CDF052B7E7B850010F73B /* PostsView.swift */,
				FA0CDF0B2B7E7BBE0010F73B /* AddPostView.swift */,
				FA0CDF0D2B7E7BCB0010F73B /* PostDetailView.swift */,
				FA0CDF0F2B7E7BCF0010F73B /* Cells */,
			);
			path = Posts;
			sourceTree = "<group>";
		};
		FAC4873D2B750A8900943BDB /* Settings */ = {
			isa = PBXGroup;
			children = (
				FA0CDF162B7E963D0010F73B /* SettingsViewModel.swift */,
				FA0CDF122B7E8A870010F73B /* SettingsView.swift */,
			);
			path = Settings;
			sourceTree = "<group>";
		};
		FAC4873E2B750AD900943BDB /* Components */ = {
			isa = PBXGroup;
			children = (
				FAC4874A2B75728C00943BDB /* ActionButtonView.swift */,
				FA6E7B812B76D5A0000AE811 /* BackButtonView.swift */,
				FA6E7B7D2B76B40F000AE811 /* CategoryButtonsScrollView.swift */,
				FA6E7B7B2B76B17E000AE811 /* CategoryButtonView.swift */,
				FA0CDF032B7E30990010F73B /* CustomDatePicker.swift */,
				FAE703A52B76DEE500D55822 /* CustomPicker.swift */,
				FA4CB1082B7A4CDB00D84DF4 /* CustomTextEditor.swift */,
				FAE703A32B76DADA00D55822 /* CustomTextField.swift */,
				FA6E7B772B76A8EC000AE811 /* EmptyView.swift */,
				FA0CDF142B7E8B350010F73B /* SettingsButtonView.swift */,
				FA0CDF182B7E9C370010F73B /* ShareSheetView.swift */,
				FA6E7B752B76A709000AE811 /* ToolbarButtonView.swift */,
			);
			path = Components;
			sourceTree = "<group>";
		};
		FAC4873F2B750AE900943BDB /* Services */ = {
			isa = PBXGroup;
			children = (
				FA6E7B732B769300000AE811 /* StorageManager.swift */,
			);
			path = Services;
			sourceTree = "<group>";
		};
		FAC487402B750AF400943BDB /* Models */ = {
			isa = PBXGroup;
			children = (
				FA6E7B6D2B768DA0000AE811 /* Article.swift */,
				FA4CB1112B7A5F3000D84DF4 /* Event.swift */,
				FA41E6F92B7BD204008B7008 /* Budget.swift */,
				FA0CDF102B7E7C080010F73B /* Post.swift */,
			);
			path = Models;
			sourceTree = "<group>";
		};
		FAC487412B750B0D00943BDB /* Extensions */ = {
			isa = PBXGroup;
			children = (
				FA4CB1052B7A475A00D84DF4 /* Font+Ext.swift */,
				FA4CB1132B7A6E5600D84DF4 /* Date+Ext.swift */,
			);
			path = Extensions;
			sourceTree = "<group>";
		};
/* End PBXGroup section */

/* Begin PBXNativeTarget section */
		FAC487222B75067600943BDB /* BoardAppsTest */ = {
			isa = PBXNativeTarget;
			buildConfigurationList = FAC487312B75067800943BDB /* Build configuration list for PBXNativeTarget "BoardAppsTest" */;
			buildPhases = (
				FAC4871F2B75067600943BDB /* Sources */,
				FAC487202B75067600943BDB /* Frameworks */,
				FAC487212B75067600943BDB /* Resources */,
			);
			buildRules = (
			);
			dependencies = (
			);
			name = BoardAppsTest;
			productName = BoardAppsTest;
			productReference = FAC487232B75067600943BDB /* BoardAppsTest.app */;
			productType = "com.apple.product-type.application";
		};
/* End PBXNativeTarget section */

/* Begin PBXProject section */
		FAC4871B2B75067600943BDB /* Project object */ = {
			isa = PBXProject;
			attributes = {
				BuildIndependentTargetsInParallel = 1;
				LastSwiftUpdateCheck = 1520;
				LastUpgradeCheck = 1520;
				TargetAttributes = {
					FAC487222B75067600943BDB = {
						CreatedOnToolsVersion = 15.2;
					};
				};
			};
			buildConfigurationList = FAC4871E2B75067600943BDB /* Build configuration list for PBXProject "BoardAppsTest" */;
			compatibilityVersion = "Xcode 14.0";
			developmentRegion = en;
			hasScannedForEncodings = 0;
			knownRegions = (
				en,
				Base,
			);
			mainGroup = FAC4871A2B75067600943BDB;
			productRefGroup = FAC487242B75067600943BDB /* Products */;
			projectDirPath = "";
			projectRoot = "";
			targets = (
				FAC487222B75067600943BDB /* BoardAppsTest */,
			);
		};
/* End PBXProject section */

/* Begin PBXResourcesBuildPhase section */
		FAC487212B75067600943BDB /* Resources */ = {
			isa = PBXResourcesBuildPhase;
			buildActionMask = 2147483647;
			files = (
				FAC4872E2B75067800943BDB /* Preview Assets.xcassets in Resources */,
				FAC4872B2B75067800943BDB /* Assets.xcassets in Resources */,
			);
			runOnlyForDeploymentPostprocessing = 0;
		};
/* End PBXResourcesBuildPhase section */

/* Begin PBXSourcesBuildPhase section */
		FAC4871F2B75067600943BDB /* Sources */ = {
			isa = PBXSourcesBuildPhase;
			buildActionMask = 2147483647;
			files = (
				FA4CB1182B7ABA3F00D84DF4 /* EventDetailView.swift in Sources */,
				FA0CDF0C2B7E7BBE0010F73B /* AddPostView.swift in Sources */,
				FA41E7002B7BF17D008B7008 /* BudgetCellView.swift in Sources */,
				FA0CDF112B7E7C080010F73B /* Post.swift in Sources */,
				FA41E6FE2B7BD940008B7008 /* BudgetView.swift in Sources */,
				FA4CB1142B7A6E5600D84DF4 /* Date+Ext.swift in Sources */,
				FA41E6FA2B7BD204008B7008 /* Budget.swift in Sources */,
				FA0CDF152B7E8B350010F73B /* SettingsButtonView.swift in Sources */,
				FA0CDF042B7E30990010F73B /* CustomDatePicker.swift in Sources */,
				FA4C95702B7CFAAC00A554C2 /* AddBudgetView.swift in Sources */,
				FA6E7B6E2B768DA0000AE811 /* Article.swift in Sources */,
				FA6E7B7E2B76B40F000AE811 /* CategoryButtonsScrollView.swift in Sources */,
				FA4CB10B2B7A5B6600D84DF4 /* EventsView.swift in Sources */,
				FA0CDF0E2B7E7BCB0010F73B /* PostDetailView.swift in Sources */,
				FAC4874B2B75728C00943BDB /* ActionButtonView.swift in Sources */,
				FAC487472B75592600943BDB /* OnboardingViewModel.swift in Sources */,
				FA6E7B722B769106000AE811 /* ArticlesView.swift in Sources */,
				FA6E7B782B76A8EC000AE811 /* EmptyView.swift in Sources */,
				FA4CB10D2B7A5B8000D84DF4 /* EventsCellView.swift in Sources */,
				FA0CDF172B7E963D0010F73B /* SettingsViewModel.swift in Sources */,
				FAC487432B7555FA00943BDB /* OnboardingView.swift in Sources */,
				FA6E7B822B76D5A0000AE811 /* BackButtonView.swift in Sources */,
				FA4CB1062B7A475A00D84DF4 /* Font+Ext.swift in Sources */,
				FA0CDF132B7E8A870010F73B /* SettingsView.swift in Sources */,
				FA0CDF0A2B7E7BB10010F73B /* PostsCellView.swift in Sources */,
				FAF4C7BA2B7821A200A4C5F8 /* ArticleDetailView.swift in Sources */,
				FA4CB1122B7A5F3000D84DF4 /* Event.swift in Sources */,
				FAE703A42B76DADA00D55822 /* CustomTextField.swift in Sources */,
				FA4CB1162B7AA8BE00D84DF4 /* AddEventView.swift in Sources */,
				FA6E7B802B76BF10000AE811 /* AddArticleView.swift in Sources */,
				FA6E7B7A2B76AA1A000AE811 /* ArticleCellView.swift in Sources */,
				FAC487292B75067600943BDB /* ContentView.swift in Sources */,
				FAE703A62B76DEE500D55822 /* CustomPicker.swift in Sources */,
				FA0CDF062B7E7B850010F73B /* PostsView.swift in Sources */,
				FAC487452B75566800943BDB /* Onboarding.swift in Sources */,
				FA41E6FC2B7BD5BE008B7008 /* BudgetViewModel.swift in Sources */,
				FA6E7B742B769300000AE811 /* StorageManager.swift in Sources */,
				FA0CDF192B7E9C370010F73B /* ShareSheetView.swift in Sources */,
				FA6E7B7C2B76B17E000AE811 /* CategoryButtonView.swift in Sources */,
				FA4CB1102B7A5BA000D84DF4 /* EventsViewModel.swift in Sources */,
				FA6E7B762B76A709000AE811 /* ToolbarButtonView.swift in Sources */,
				FA0CDF082B7E7B960010F73B /* PostsViewModel.swift in Sources */,
				FA6E7B702B7690F6000AE811 /* ArticlesViewModel.swift in Sources */,
				FA4CB1092B7A4CDB00D84DF4 /* CustomTextEditor.swift in Sources */,
				FAC487272B75067600943BDB /* BoardAppsTestApp.swift in Sources */,
			);
			runOnlyForDeploymentPostprocessing = 0;
		};
/* End PBXSourcesBuildPhase section */

/* Begin XCBuildConfiguration section */
		FAC4872F2B75067800943BDB /* Debug */ = {
			isa = XCBuildConfiguration;
			buildSettings = {
				ALWAYS_SEARCH_USER_PATHS = NO;
				ASSETCATALOG_COMPILER_GENERATE_SWIFT_ASSET_SYMBOL_EXTENSIONS = YES;
				CLANG_ANALYZER_NONNULL = YES;
				CLANG_ANALYZER_NUMBER_OBJECT_CONVERSION = YES_AGGRESSIVE;
				CLANG_CXX_LANGUAGE_STANDARD = "gnu++20";
				CLANG_ENABLE_MODULES = YES;
				CLANG_ENABLE_OBJC_ARC = YES;
				CLANG_ENABLE_OBJC_WEAK = YES;
				CLANG_WARN_BLOCK_CAPTURE_AUTORELEASING = YES;
				CLANG_WARN_BOOL_CONVERSION = YES;
				CLANG_WARN_COMMA = YES;
				CLANG_WARN_CONSTANT_CONVERSION = YES;
				CLANG_WARN_DEPRECATED_OBJC_IMPLEMENTATIONS = YES;
				CLANG_WARN_DIRECT_OBJC_ISA_USAGE = YES_ERROR;
				CLANG_WARN_DOCUMENTATION_COMMENTS = YES;
				CLANG_WARN_EMPTY_BODY = YES;
				CLANG_WARN_ENUM_CONVERSION = YES;
				CLANG_WARN_INFINITE_RECURSION = YES;
				CLANG_WARN_INT_CONVERSION = YES;
				CLANG_WARN_NON_LITERAL_NULL_CONVERSION = YES;
				CLANG_WARN_OBJC_IMPLICIT_RETAIN_SELF = YES;
				CLANG_WARN_OBJC_LITERAL_CONVERSION = YES;
				CLANG_WARN_OBJC_ROOT_CLASS = YES_ERROR;
				CLANG_WARN_QUOTED_INCLUDE_IN_FRAMEWORK_HEADER = YES;
				CLANG_WARN_RANGE_LOOP_ANALYSIS = YES;
				CLANG_WARN_STRICT_PROTOTYPES = YES;
				CLANG_WARN_SUSPICIOUS_MOVE = YES;
				CLANG_WARN_UNGUARDED_AVAILABILITY = YES_AGGRESSIVE;
				CLANG_WARN_UNREACHABLE_CODE = YES;
				CLANG_WARN__DUPLICATE_METHOD_MATCH = YES;
				COPY_PHASE_STRIP = NO;
				DEBUG_INFORMATION_FORMAT = dwarf;
				ENABLE_STRICT_OBJC_MSGSEND = YES;
				ENABLE_TESTABILITY = YES;
				ENABLE_USER_SCRIPT_SANDBOXING = YES;
				GCC_C_LANGUAGE_STANDARD = gnu17;
				GCC_DYNAMIC_NO_PIC = NO;
				GCC_NO_COMMON_BLOCKS = YES;
				GCC_OPTIMIZATION_LEVEL = 0;
				GCC_PREPROCESSOR_DEFINITIONS = (
					"DEBUG=1",
					"$(inherited)",
				);
				GCC_WARN_64_TO_32_BIT_CONVERSION = YES;
				GCC_WARN_ABOUT_RETURN_TYPE = YES_ERROR;
				GCC_WARN_UNDECLARED_SELECTOR = YES;
				GCC_WARN_UNINITIALIZED_AUTOS = YES_AGGRESSIVE;
				GCC_WARN_UNUSED_FUNCTION = YES;
				GCC_WARN_UNUSED_VARIABLE = YES;
				IPHONEOS_DEPLOYMENT_TARGET = 17.2;
				LOCALIZATION_PREFERS_STRING_CATALOGS = YES;
				MTL_ENABLE_DEBUG_INFO = INCLUDE_SOURCE;
				MTL_FAST_MATH = YES;
				ONLY_ACTIVE_ARCH = YES;
				SDKROOT = iphoneos;
				SWIFT_ACTIVE_COMPILATION_CONDITIONS = "DEBUG $(inherited)";
				SWIFT_OPTIMIZATION_LEVEL = "-Onone";
			};
			name = Debug;
		};
		FAC487302B75067800943BDB /* Release */ = {
			isa = XCBuildConfiguration;
			buildSettings = {
				ALWAYS_SEARCH_USER_PATHS = NO;
				ASSETCATALOG_COMPILER_GENERATE_SWIFT_ASSET_SYMBOL_EXTENSIONS = YES;
				CLANG_ANALYZER_NONNULL = YES;
				CLANG_ANALYZER_NUMBER_OBJECT_CONVERSION = YES_AGGRESSIVE;
				CLANG_CXX_LANGUAGE_STANDARD = "gnu++20";
				CLANG_ENABLE_MODULES = YES;
				CLANG_ENABLE_OBJC_ARC = YES;
				CLANG_ENABLE_OBJC_WEAK = YES;
				CLANG_WARN_BLOCK_CAPTURE_AUTORELEASING = YES;
				CLANG_WARN_BOOL_CONVERSION = YES;
				CLANG_WARN_COMMA = YES;
				CLANG_WARN_CONSTANT_CONVERSION = YES;
				CLANG_WARN_DEPRECATED_OBJC_IMPLEMENTATIONS = YES;
				CLANG_WARN_DIRECT_OBJC_ISA_USAGE = YES_ERROR;
				CLANG_WARN_DOCUMENTATION_COMMENTS = YES;
				CLANG_WARN_EMPTY_BODY = YES;
				CLANG_WARN_ENUM_CONVERSION = YES;
				CLANG_WARN_INFINITE_RECURSION = YES;
				CLANG_WARN_INT_CONVERSION = YES;
				CLANG_WARN_NON_LITERAL_NULL_CONVERSION = YES;
				CLANG_WARN_OBJC_IMPLICIT_RETAIN_SELF = YES;
				CLANG_WARN_OBJC_LITERAL_CONVERSION = YES;
				CLANG_WARN_OBJC_ROOT_CLASS = YES_ERROR;
				CLANG_WARN_QUOTED_INCLUDE_IN_FRAMEWORK_HEADER = YES;
				CLANG_WARN_RANGE_LOOP_ANALYSIS = YES;
				CLANG_WARN_STRICT_PROTOTYPES = YES;
				CLANG_WARN_SUSPICIOUS_MOVE = YES;
				CLANG_WARN_UNGUARDED_AVAILABILITY = YES_AGGRESSIVE;
				CLANG_WARN_UNREACHABLE_CODE = YES;
				CLANG_WARN__DUPLICATE_METHOD_MATCH = YES;
				COPY_PHASE_STRIP = NO;
				DEBUG_INFORMATION_FORMAT = "dwarf-with-dsym";
				ENABLE_NS_ASSERTIONS = NO;
				ENABLE_STRICT_OBJC_MSGSEND = YES;
				ENABLE_USER_SCRIPT_SANDBOXING = YES;
				GCC_C_LANGUAGE_STANDARD = gnu17;
				GCC_NO_COMMON_BLOCKS = YES;
				GCC_WARN_64_TO_32_BIT_CONVERSION = YES;
				GCC_WARN_ABOUT_RETURN_TYPE = YES_ERROR;
				GCC_WARN_UNDECLARED_SELECTOR = YES;
				GCC_WARN_UNINITIALIZED_AUTOS = YES_AGGRESSIVE;
				GCC_WARN_UNUSED_FUNCTION = YES;
				GCC_WARN_UNUSED_VARIABLE = YES;
				IPHONEOS_DEPLOYMENT_TARGET = 17.2;
				LOCALIZATION_PREFERS_STRING_CATALOGS = YES;
				MTL_ENABLE_DEBUG_INFO = NO;
				MTL_FAST_MATH = YES;
				SDKROOT = iphoneos;
				SWIFT_COMPILATION_MODE = wholemodule;
				VALIDATE_PRODUCT = YES;
			};
			name = Release;
		};
		FAC487322B75067800943BDB /* Debug */ = {
			isa = XCBuildConfiguration;
			buildSettings = {
				ASSETCATALOG_COMPILER_APPICON_NAME = AppIcon;
				ASSETCATALOG_COMPILER_GLOBAL_ACCENT_COLOR_NAME = AccentColor;
				CODE_SIGN_STYLE = Automatic;
				CURRENT_PROJECT_VERSION = 1;
				DEVELOPMENT_ASSET_PATHS = "\"BoardAppsTest/Preview Content\"";
				ENABLE_PREVIEWS = YES;
				GENERATE_INFOPLIST_FILE = YES;
				INFOPLIST_KEY_UIApplicationSceneManifest_Generation = YES;
				INFOPLIST_KEY_UIApplicationSupportsIndirectInputEvents = YES;
				INFOPLIST_KEY_UILaunchScreen_Generation = YES;
				INFOPLIST_KEY_UISupportedInterfaceOrientations_iPad = "UIInterfaceOrientationPortrait UIInterfaceOrientationPortraitUpsideDown UIInterfaceOrientationLandscapeLeft UIInterfaceOrientationLandscapeRight";
				INFOPLIST_KEY_UISupportedInterfaceOrientations_iPhone = "UIInterfaceOrientationPortrait UIInterfaceOrientationLandscapeLeft UIInterfaceOrientationLandscapeRight";
				IPHONEOS_DEPLOYMENT_TARGET = 14.0;
				LD_RUNPATH_SEARCH_PATHS = (
					"$(inherited)",
					"@executable_path/Frameworks",
				);
				MARKETING_VERSION = 1.0;
				PRODUCT_BUNDLE_IDENTIFIER = Alex.BoardAppsTest;
				PRODUCT_NAME = "$(TARGET_NAME)";
				SUPPORTED_PLATFORMS = "iphoneos iphonesimulator";
				SUPPORTS_MACCATALYST = NO;
				SUPPORTS_MAC_DESIGNED_FOR_IPHONE_IPAD = NO;
				SUPPORTS_XR_DESIGNED_FOR_IPHONE_IPAD = NO;
				SWIFT_EMIT_LOC_STRINGS = YES;
				SWIFT_VERSION = 5.0;
				TARGETED_DEVICE_FAMILY = 1;
			};
			name = Debug;
		};
		FAC487332B75067800943BDB /* Release */ = {
			isa = XCBuildConfiguration;
			buildSettings = {
				ASSETCATALOG_COMPILER_APPICON_NAME = AppIcon;
				ASSETCATALOG_COMPILER_GLOBAL_ACCENT_COLOR_NAME = AccentColor;
				CODE_SIGN_STYLE = Automatic;
				CURRENT_PROJECT_VERSION = 1;
				DEVELOPMENT_ASSET_PATHS = "\"BoardAppsTest/Preview Content\"";
				ENABLE_PREVIEWS = YES;
				GENERATE_INFOPLIST_FILE = YES;
				INFOPLIST_KEY_UIApplicationSceneManifest_Generation = YES;
				INFOPLIST_KEY_UIApplicationSupportsIndirectInputEvents = YES;
				INFOPLIST_KEY_UILaunchScreen_Generation = YES;
				INFOPLIST_KEY_UISupportedInterfaceOrientations_iPad = "UIInterfaceOrientationPortrait UIInterfaceOrientationPortraitUpsideDown UIInterfaceOrientationLandscapeLeft UIInterfaceOrientationLandscapeRight";
				INFOPLIST_KEY_UISupportedInterfaceOrientations_iPhone = "UIInterfaceOrientationPortrait UIInterfaceOrientationLandscapeLeft UIInterfaceOrientationLandscapeRight";
				IPHONEOS_DEPLOYMENT_TARGET = 14.0;
				LD_RUNPATH_SEARCH_PATHS = (
					"$(inherited)",
					"@executable_path/Frameworks",
				);
				MARKETING_VERSION = 1.0;
				PRODUCT_BUNDLE_IDENTIFIER = Alex.BoardAppsTest;
				PRODUCT_NAME = "$(TARGET_NAME)";
				SUPPORTED_PLATFORMS = "iphoneos iphonesimulator";
				SUPPORTS_MACCATALYST = NO;
				SUPPORTS_MAC_DESIGNED_FOR_IPHONE_IPAD = NO;
				SUPPORTS_XR_DESIGNED_FOR_IPHONE_IPAD = NO;
				SWIFT_EMIT_LOC_STRINGS = YES;
				SWIFT_VERSION = 5.0;
				TARGETED_DEVICE_FAMILY = 1;
			};
			name = Release;
		};
/* End XCBuildConfiguration section */

/* Begin XCConfigurationList section */
		FAC4871E2B75067600943BDB /* Build configuration list for PBXProject "BoardAppsTest" */ = {
			isa = XCConfigurationList;
			buildConfigurations = (
				FAC4872F2B75067800943BDB /* Debug */,
				FAC487302B75067800943BDB /* Release */,
			);
			defaultConfigurationIsVisible = 0;
			defaultConfigurationName = Release;
		};
		FAC487312B75067800943BDB /* Build configuration list for PBXNativeTarget "BoardAppsTest" */ = {
			isa = XCConfigurationList;
			buildConfigurations = (
				FAC487322B75067800943BDB /* Debug */,
				FAC487332B75067800943BDB /* Release */,
			);
			defaultConfigurationIsVisible = 0;
			defaultConfigurationName = Release;
		};
/* End XCConfigurationList section */
	};
	rootObject = FAC4871B2B75067600943BDB /* Project object */;
}
